
Microsoft Visual Studio Solution File, Format Version 12.00
# Visual Studio Version 16
VisualStudioVersion = 16.0.32407.337
MinimumVisualStudioVersion = 10.0.40219.1
Project("{9A19103F-16F7-4668-BE54-9A1E7A4F7556}") = "Api.Application", "Api.Application\Api.Application.csproj", "{C47CE297-C63A-438C-89DA-9D656115BD6D}"
EndProject
Project("{FAE04EC0-301F-11D3-BF4B-00C04F79EFBC}") = "Api.Domain", "Api.Domain\Api.Domain.csproj", "{21553351-0509-4086-BE7E-06D94728C6BC}"
EndProject
Project("{FAE04EC0-301F-11D3-BF4B-00C04F79EFBC}") = "Api.CrossCutting", "Api.CrossCutting\Api.CrossCutting.csproj", "{0974003D-8417-4D8E-816E-827762C7A19D}"
EndProject
Project("{FAE04EC0-301F-11D3-BF4B-00C04F79EFBC}") = "Api.Data", "Api.Data\Api.Data.csproj", "{04102542-1D77-4360-8534-21C22BF3C962}"
EndProject
Project("{FAE04EC0-301F-11D3-BF4B-00C04F79EFBC}") = "Api.Service", "Api.Service\Api.Service.csproj", "{9E2DB690-C423-492F-A49C-48E0E89C6409}"
EndProject
Global
	GlobalSection(SolutionConfigurationPlatforms) = preSolution
		Debug|Any CPU = Debug|Any CPU
		Release|Any CPU = Release|Any CPU
	EndGlobalSection
	GlobalSection(ProjectConfigurationPlatforms) = postSolution
		{C47CE297-C63A-438C-89DA-9D656115BD6D}.Debug|Any CPU.ActiveCfg = Debug|Any CPU
		{C47CE297-C63A-438C-89DA-9D656115BD6D}.Debug|Any CPU.Build.0 = Debug|Any CPU
		{C47CE297-C63A-438C-89DA-9D656115BD6D}.Release|Any CPU.ActiveCfg = Release|Any CPU
		{C47CE297-C63A-438C-89DA-9D656115BD6D}.Release|Any CPU.Build.0 = Release|Any CPU
		{21553351-0509-4086-BE7E-06D94728C6BC}.Debug|Any CPU.ActiveCfg = Debug|Any CPU
		{21553351-0509-4086-BE7E-06D94728C6BC}.Debug|Any CPU.Build.0 = Debug|Any CPU
		{21553351-0509-4086-BE7E-06D94728C6BC}.Release|Any CPU.ActiveCfg = Release|Any CPU
		{21553351-0509-4086-BE7E-06D94728C6BC}.Release|Any CPU.Build.0 = Release|Any CPU
		{0974003D-8417-4D8E-816E-827762C7A19D}.Debug|Any CPU.ActiveCfg = Debug|Any CPU
		{0974003D-8417-4D8E-816E-827762C7A19D}.Debug|Any CPU.Build.0 = Debug|Any CPU
		{0974003D-8417-4D8E-816E-827762C7A19D}.Release|Any CPU.ActiveCfg = Release|Any CPU
		{0974003D-8417-4D8E-816E-827762C7A19D}.Release|Any CPU.Build.0 = Release|Any CPU
		{04102542-1D77-4360-8534-21C22BF3C962}.Debug|Any CPU.ActiveCfg = Debug|Any CPU
		{04102542-1D77-4360-8534-21C22BF3C962}.Debug|Any CPU.Build.0 = Debug|Any CPU
		{04102542-1D77-4360-8534-21C22BF3C962}.Release|Any CPU.ActiveCfg = Release|Any CPU
		{04102542-1D77-4360-8534-21C22BF3C962}.Release|Any CPU.Build.0 = Release|Any CPU
		{9E2DB690-C423-492F-A49C-48E0E89C6409}.Debug|Any CPU.ActiveCfg = Debug|Any CPU
		{9E2DB690-C423-492F-A49C-48E0E89C6409}.Debug|Any CPU.Build.0 = Debug|Any CPU
		{9E2DB690-C423-492F-A49C-48E0E89C6409}.Release|Any CPU.ActiveCfg = Release|Any CPU
		{9E2DB690-C423-492F-A49C-48E0E89C6409}.Release|Any CPU.Build.0 = Release|Any CPU
	EndGlobalSection
	GlobalSection(SolutionProperties) = preSolution
		HideSolutionNode = FALSE
	EndGlobalSection
	GlobalSection(ExtensibilityGlobals) = postSolution
		SolutionGuid = {31186E23-9F92-4327-B548-00D570A23E18}
	EndGlobalSection
EndGlobal
